
Microsoft Visual Studio Solution File, Format Version 12.00
# Visual Studio Version 17
VisualStudioVersion = 17.8.34330.188
MinimumVisualStudioVersion = 10.0.40219.1
Project("{FAE04EC0-301F-11D3-BF4B-00C04F79EFBC}") = "Portafolio", "Portafolio.csproj", "{0CFE4319-5ADA-4945-92AE-404E25987F13}"
EndProject
Global
	GlobalSection(SolutionConfigurationPlatforms) = preSolution
		Debug|Any CPU = Debug|Any CPU
		Release|Any CPU = Release|Any CPU
	EndGlobalSection
	GlobalSection(ProjectConfigurationPlatforms) = postSolution
		{0CFE4319-5ADA-4945-92AE-404E25987F13}.Debug|Any CPU.ActiveCfg = Debug|Any CPU
		{0CFE4319-5ADA-4945-92AE-404E25987F13}.Debug|Any CPU.Build.0 = Debug|Any CPU
		{0CFE4319-5ADA-4945-92AE-404E25987F13}.Release|Any CPU.ActiveCfg = Release|Any CPU
		{0CFE4319-5ADA-4945-92AE-404E25987F13}.Release|Any CPU.Build.0 = Release|Any CPU
	EndGlobalSection
	GlobalSection(SolutionProperties) = preSolution
		HideSolutionNode = FALSE
	EndGlobalSection
	GlobalSection(ExtensibilityGlobals) = postSolution
		SolutionGuid = {86A023FE-B864-4495-8154-DA2C8C1F6CC9}
	EndGlobalSection
EndGlobal
